
Microsoft Visual Studio Solution File, Format Version 12.00
# Visual Studio Version 16
VisualStudioVersion = 16.0.30717.126
MinimumVisualStudioVersion = 10.0.40219.1
Project("{9A19103F-16F7-4668-BE54-9A1E7A4F7556}") = "Day1", "Day1\Day1.csproj", "{52EE0492-A620-4EBC-B89D-569A7C8D7DF1}"
EndProject
Project("{9A19103F-16F7-4668-BE54-9A1E7A4F7556}") = "Day2", "Day2\Day2.csproj", "{99DA377A-850B-43BC-A336-58EEA255033C}"
EndProject
Project("{9A19103F-16F7-4668-BE54-9A1E7A4F7556}") = "Day3", "Day3\Day3.csproj", "{C40C2F03-BB33-4EA6-A598-E0FCF38317B5}"
EndProject
Project("{9A19103F-16F7-4668-BE54-9A1E7A4F7556}") = "Day4", "Day4\Day4.csproj", "{CAA1B517-874D-43D3-BABA-45704A04AC5D}"
EndProject
Project("{9A19103F-16F7-4668-BE54-9A1E7A4F7556}") = "Day5", "Day5\Day5.csproj", "{C08C2D03-89CA-4C63-BC7D-F6CCADAB2793}"
EndProject
Project("{9A19103F-16F7-4668-BE54-9A1E7A4F7556}") = "ConsoleApp1", "ConsoleApp1\ConsoleApp1.csproj", "{633A4ED4-A74A-4BB7-83D6-EE782030A029}"
EndProject
Project("{9A19103F-16F7-4668-BE54-9A1E7A4F7556}") = "Day6", "Day6\Day6.csproj", "{764D352C-12ED-49E7-B2D7-3B99BD25878D}"
EndProject
Project("{FAE04EC0-301F-11D3-BF4B-00C04F79EFBC}") = "Day7", "Day7\Day7.csproj", "{A63501E9-D2CD-48D8-BC53-5A10DF289DBA}"
EndProject
Global
	GlobalSection(SolutionConfigurationPlatforms) = preSolution
		Debug|Any CPU = Debug|Any CPU
		Release|Any CPU = Release|Any CPU
	EndGlobalSection
	GlobalSection(ProjectConfigurationPlatforms) = postSolution
		{52EE0492-A620-4EBC-B89D-569A7C8D7DF1}.Debug|Any CPU.ActiveCfg = Debug|Any CPU
		{52EE0492-A620-4EBC-B89D-569A7C8D7DF1}.Debug|Any CPU.Build.0 = Debug|Any CPU
		{52EE0492-A620-4EBC-B89D-569A7C8D7DF1}.Release|Any CPU.ActiveCfg = Release|Any CPU
		{52EE0492-A620-4EBC-B89D-569A7C8D7DF1}.Release|Any CPU.Build.0 = Release|Any CPU
		{99DA377A-850B-43BC-A336-58EEA255033C}.Debug|Any CPU.ActiveCfg = Debug|Any CPU
		{99DA377A-850B-43BC-A336-58EEA255033C}.Debug|Any CPU.Build.0 = Debug|Any CPU
		{99DA377A-850B-43BC-A336-58EEA255033C}.Release|Any CPU.ActiveCfg = Release|Any CPU
		{99DA377A-850B-43BC-A336-58EEA255033C}.Release|Any CPU.Build.0 = Release|Any CPU
		{C40C2F03-BB33-4EA6-A598-E0FCF38317B5}.Debug|Any CPU.ActiveCfg = Debug|Any CPU
		{C40C2F03-BB33-4EA6-A598-E0FCF38317B5}.Debug|Any CPU.Build.0 = Debug|Any CPU
		{C40C2F03-BB33-4EA6-A598-E0FCF38317B5}.Release|Any CPU.ActiveCfg = Release|Any CPU
		{C40C2F03-BB33-4EA6-A598-E0FCF38317B5}.Release|Any CPU.Build.0 = Release|Any CPU
		{CAA1B517-874D-43D3-BABA-45704A04AC5D}.Debug|Any CPU.ActiveCfg = Debug|Any CPU
		{CAA1B517-874D-43D3-BABA-45704A04AC5D}.Debug|Any CPU.Build.0 = Debug|Any CPU
		{CAA1B517-874D-43D3-BABA-45704A04AC5D}.Release|Any CPU.ActiveCfg = Release|Any CPU
		{CAA1B517-874D-43D3-BABA-45704A04AC5D}.Release|Any CPU.Build.0 = Release|Any CPU
		{C08C2D03-89CA-4C63-BC7D-F6CCADAB2793}.Debug|Any CPU.ActiveCfg = Debug|Any CPU
		{C08C2D03-89CA-4C63-BC7D-F6CCADAB2793}.Debug|Any CPU.Build.0 = Debug|Any CPU
		{C08C2D03-89CA-4C63-BC7D-F6CCADAB2793}.Release|Any CPU.ActiveCfg = Release|Any CPU
		{C08C2D03-89CA-4C63-BC7D-F6CCADAB2793}.Release|Any CPU.Build.0 = Release|Any CPU
		{633A4ED4-A74A-4BB7-83D6-EE782030A029}.Debug|Any CPU.ActiveCfg = Debug|Any CPU
		{633A4ED4-A74A-4BB7-83D6-EE782030A029}.Debug|Any CPU.Build.0 = Debug|Any CPU
		{633A4ED4-A74A-4BB7-83D6-EE782030A029}.Release|Any CPU.ActiveCfg = Release|Any CPU
		{633A4ED4-A74A-4BB7-83D6-EE782030A029}.Release|Any CPU.Build.0 = Release|Any CPU
		{764D352C-12ED-49E7-B2D7-3B99BD25878D}.Debug|Any CPU.ActiveCfg = Debug|Any CPU
		{764D352C-12ED-49E7-B2D7-3B99BD25878D}.Debug|Any CPU.Build.0 = Debug|Any CPU
		{764D352C-12ED-49E7-B2D7-3B99BD25878D}.Release|Any CPU.ActiveCfg = Release|Any CPU
		{764D352C-12ED-49E7-B2D7-3B99BD25878D}.Release|Any CPU.Build.0 = Release|Any CPU
		{A63501E9-D2CD-48D8-BC53-5A10DF289DBA}.Debug|Any CPU.ActiveCfg = Debug|Any CPU
		{A63501E9-D2CD-48D8-BC53-5A10DF289DBA}.Debug|Any CPU.Build.0 = Debug|Any CPU
		{A63501E9-D2CD-48D8-BC53-5A10DF289DBA}.Release|Any CPU.ActiveCfg = Release|Any CPU
		{A63501E9-D2CD-48D8-BC53-5A10DF289DBA}.Release|Any CPU.Build.0 = Release|Any CPU
	EndGlobalSection
	GlobalSection(SolutionProperties) = preSolution
		HideSolutionNode = FALSE
	EndGlobalSection
	GlobalSection(ExtensibilityGlobals) = postSolution
		SolutionGuid = {36F475F5-D05E-4ACC-8BDB-491C9285BCD0}
	EndGlobalSection
EndGlobal
