
Microsoft Visual Studio Solution File, Format Version 12.00
# Visual Studio Version 16
VisualStudioVersion = 16.0.30717.126
MinimumVisualStudioVersion = 10.0.40219.1
Project("{FAE04EC0-301F-11D3-BF4B-00C04F79EFBC}") = "Day1", "Day1\Day1.csproj", "{52EE0492-A620-4EBC-B89D-569A7C8D7DF1}"
EndProject
Global
	GlobalSection(SolutionConfigurationPlatforms) = preSolution
		Debug|Any CPU = Debug|Any CPU
		Release|Any CPU = Release|Any CPU
	EndGlobalSection
	GlobalSection(ProjectConfigurationPlatforms) = postSolution
		{52EE0492-A620-4EBC-B89D-569A7C8D7DF1}.Debug|Any CPU.ActiveCfg = Debug|Any CPU
		{52EE0492-A620-4EBC-B89D-569A7C8D7DF1}.Debug|Any CPU.Build.0 = Debug|Any CPU
		{52EE0492-A620-4EBC-B89D-569A7C8D7DF1}.Release|Any CPU.ActiveCfg = Release|Any CPU
		{52EE0492-A620-4EBC-B89D-569A7C8D7DF1}.Release|Any CPU.Build.0 = Release|Any CPU
	EndGlobalSection
	GlobalSection(SolutionProperties) = preSolution
		HideSolutionNode = FALSE
	EndGlobalSection
	GlobalSection(ExtensibilityGlobals) = postSolution
		SolutionGuid = {36F475F5-D05E-4ACC-8BDB-491C9285BCD0}
	EndGlobalSection
EndGlobal
